
Microsoft Visual Studio Solution File, Format Version 12.00
# Visual Studio Version 17
VisualStudioVersion = 17.5.002.0
MinimumVisualStudioVersion = 10.0.40219.1
Project("{9A19103F-16F7-4668-BE54-9A1E7A4F7556}") = "TaskManagementConsoleApp", "TaskManagementConsoleApp\TaskManagementConsoleApp.csproj", "{CD531BB2-2623-4A36-A477-09358866EDEA}"
EndProject
Project("{9A19103F-16F7-4668-BE54-9A1E7A4F7556}") = "TaskManagementLibrary", "TaskManagementLibrary\TaskManagementLibrary.csproj", "{2CE56323-EEFB-4090-B379-388F46A48AB4}"
EndProject
Global
	GlobalSection(SolutionConfigurationPlatforms) = preSolution
		Debug|Any CPU = Debug|Any CPU
		Release|Any CPU = Release|Any CPU
	EndGlobalSection
	GlobalSection(ProjectConfigurationPlatforms) = postSolution
		{CD531BB2-2623-4A36-A477-09358866EDEA}.Debug|Any CPU.ActiveCfg = Debug|Any CPU
		{CD531BB2-2623-4A36-A477-09358866EDEA}.Debug|Any CPU.Build.0 = Debug|Any CPU
		{CD531BB2-2623-4A36-A477-09358866EDEA}.Release|Any CPU.ActiveCfg = Release|Any CPU
		{CD531BB2-2623-4A36-A477-09358866EDEA}.Release|Any CPU.Build.0 = Release|Any CPU
		{2CE56323-EEFB-4090-B379-388F46A48AB4}.Debug|Any CPU.ActiveCfg = Debug|Any CPU
		{2CE56323-EEFB-4090-B379-388F46A48AB4}.Debug|Any CPU.Build.0 = Debug|Any CPU
		{2CE56323-EEFB-4090-B379-388F46A48AB4}.Release|Any CPU.ActiveCfg = Release|Any CPU
		{2CE56323-EEFB-4090-B379-388F46A48AB4}.Release|Any CPU.Build.0 = Release|Any CPU
	EndGlobalSection
	GlobalSection(SolutionProperties) = preSolution
		HideSolutionNode = FALSE
	EndGlobalSection
	GlobalSection(ExtensibilityGlobals) = postSolution
		SolutionGuid = {5D7DD093-CAD5-4D67-B6B7-9153F74BDEFA}
	EndGlobalSection
EndGlobal
